# This file was autogenerated by Stack.
# You should not edit this file by hand.
# For more information, please see the documentation at:
#   https://docs.haskellstack.org/en/stable/lock_files

packages:
- completed:
    commit: 896ee8fa4dc7cbd0b8f9989c30deff76b6db71d8
    git: https://github.com/mtaylor91/iam-mtaylor-io-client.git
    name: iam-mtaylor-io-client
    pantry-tree:
      sha256: 44cc9005601118fbfb6aeee3ec23d1557c2021f561603b2c683a4de447cc334e
      size: 2621
    version: 0.1.0.0
  original:
    commit: 896ee8fa4dc7cbd0b8f9989c30deff76b6db71d8
    git: https://github.com/mtaylor91/iam-mtaylor-io-client.git
- completed:
    commit: fc30520de50dde6aacee3fb5e07d5715df7c969a
    git: https://github.com/mtaylor91/iam-mtaylor-io-core.git
    name: iam-mtaylor-io-core
    pantry-tree:
      sha256: c4449b7916412c1904068bb69bc25bb70af8cba6002acd11be883640a40791d3
      size: 1839
    version: 0.1.0.0
  original:
    commit: fc30520de50dde6aacee3fb5e07d5715df7c969a
    git: https://github.com/mtaylor91/iam-mtaylor-io-core.git
snapshots:
- completed:
    sha256: a81fb3877c4f9031e1325eb3935122e608d80715dc16b586eb11ddbff8671ecd
    size: 640086
    url: https://raw.githubusercontent.com/commercialhaskell/stackage-snapshots/master/lts/21/25.yaml
  original:
    url: https://raw.githubusercontent.com/commercialhaskell/stackage-snapshots/master/lts/21/25.yaml
