# This file was autogenerated by Stack.
# You should not edit this file by hand.
# For more information, please see the documentation at:
#   https://docs.haskellstack.org/en/stable/lock_files

packages:
- completed:
    commit: 389aaf13e4b6a23d6e8b5332c9a71ef430f0f071
    git: https://github.com/mtaylor91/iam-mtaylor-io-client.git
    name: iam-mtaylor-io-client
    pantry-tree:
      sha256: aaf655fa9ddbdb9852610e8563e7c0723ad8d55e06ff4d97a49b5b87d21f878f
      size: 2621
    version: 0.1.0.0
  original:
    commit: 389aaf13e4b6a23d6e8b5332c9a71ef430f0f071
    git: https://github.com/mtaylor91/iam-mtaylor-io-client.git
- completed:
    commit: 5170f864eda0b561b22a0e53137fab9c59f97daa
    git: https://github.com/mtaylor91/iam-mtaylor-io-core.git
    name: iam-mtaylor-io-core
    pantry-tree:
      sha256: 593818937b047649a892e21ff6661c64e7cee5eeca7f5af4984bb27af2d9ea12
      size: 1839
    version: 0.1.0.0
  original:
    commit: 5170f864eda0b561b22a0e53137fab9c59f97daa
    git: https://github.com/mtaylor91/iam-mtaylor-io-core.git
snapshots:
- completed:
    sha256: a81fb3877c4f9031e1325eb3935122e608d80715dc16b586eb11ddbff8671ecd
    size: 640086
    url: https://raw.githubusercontent.com/commercialhaskell/stackage-snapshots/master/lts/21/25.yaml
  original:
    url: https://raw.githubusercontent.com/commercialhaskell/stackage-snapshots/master/lts/21/25.yaml
