# This file was autogenerated by Stack.
# You should not edit this file by hand.
# For more information, please see the documentation at:
#   https://docs.haskellstack.org/en/stable/lock_files

packages:
- completed:
    commit: 4a422fa580608d5feb361b7e6a555a0d063e77ee
    git: https://github.com/mtaylorio/events-core.git
    name: events-core
    pantry-tree:
      sha256: 2198bd36fe8e00389d828f50b200bd87d9f063f9e72963f37e1fa070b925d90b
      size: 846
    version: 0.1.0.0
  original:
    commit: 4a422fa580608d5feb361b7e6a555a0d063e77ee
    git: https://github.com/mtaylorio/events-core.git
- completed:
    commit: f50f8308f7cd4d44ebfc626c5c7fe7a71de1c07c
    git: https://github.com/mtaylorio/iam-client-haskell.git
    name: mtaylor-io-iam-client
    pantry-tree:
      sha256: 62c8b160855a3bfee5a09336692b5f725562bd436e984bbba9a5fac068c7f69f
      size: 2624
    version: 0.1.0.0
  original:
    commit: f50f8308f7cd4d44ebfc626c5c7fe7a71de1c07c
    git: https://github.com/mtaylorio/iam-client-haskell.git
- completed:
    commit: 4fa36b4308c8645d38bfe4749c744b638699d006
    git: https://github.com/mtaylorio/iam-core.git
    name: mtaylor-io-iam-core
    pantry-tree:
      sha256: 361e0713610d3e8199ee2e905f84094761ba730f645daf98de48d084d349f21e
      size: 1896
    version: 0.1.0.0
  original:
    commit: 4fa36b4308c8645d38bfe4749c744b638699d006
    git: https://github.com/mtaylorio/iam-core.git
snapshots:
- completed:
    sha256: a81fb3877c4f9031e1325eb3935122e608d80715dc16b586eb11ddbff8671ecd
    size: 640086
    url: https://raw.githubusercontent.com/commercialhaskell/stackage-snapshots/master/lts/21/25.yaml
  original:
    url: https://raw.githubusercontent.com/commercialhaskell/stackage-snapshots/master/lts/21/25.yaml
